# This file is automatically @generated by Cargo.
# It is not intended for manual editing.
version = 3

[[package]]
name = "astree_core"
version = "0.0.0"
dependencies = [
 "hatch_result",
]

[[package]]
name = "hatch_result"
version = "0.1.7"
source = "registry+https://github.com/rust-lang/crates.io-index"
checksum = "59750adea604b0d7926413890023f707e539eda80a992afcd58a1bf4cd4e6f1b"
