# This file is automatically @generated by Cargo.
# It is not intended for manual editing.
version = 3

[[package]]
name = "hatch_result"
version = "0.1.8"
source = "registry+https://github.com/rust-lang/crates.io-index"
checksum = "a2c980ec45c84ae70af83e690889308cacc686df8c07984fee647f0bac08766c"

[[package]]
name = "parser"
version = "0.1.0"
dependencies = [
 "hatch_result",
 "token",
]

[[package]]
name = "token"
version = "0.1.0"
